// !$*UTF8*$!
{
	archiveVersion = 1;
	classes = {
	};
	objectVersion = 46;
	objects = {

/* Begin PBXBuildFile section */
		D797142B1E03869300C8DD76 /* CommandResult.swift in Sources */ = {isa = PBXBuildFile; fileRef = D797142A1E03869300C8DD76 /* CommandResult.swift */; };
		D797142D1E03872600C8DD76 /* String+Extensions.swift in Sources */ = {isa = PBXBuildFile; fileRef = D797142C1E03872600C8DD76 /* String+Extensions.swift */; };
		D797142F1E038EFC00C8DD76 /* Array+Extensions.swift in Sources */ = {isa = PBXBuildFile; fileRef = D797142E1E038EFC00C8DD76 /* Array+Extensions.swift */; };
		D7B2BACB1E0224C000601875 /* AppDelegate.swift in Sources */ = {isa = PBXBuildFile; fileRef = D7B2BACA1E0224C000601875 /* AppDelegate.swift */; };
		D7B2BACD1E0224C000601875 /* Assets.xcassets in Resources */ = {isa = PBXBuildFile; fileRef = D7B2BACC1E0224C000601875 /* Assets.xcassets */; };
		D7B2BAD01E0224C000601875 /* MainMenu.xib in Resources */ = {isa = PBXBuildFile; fileRef = D7B2BACE1E0224C000601875 /* MainMenu.xib */; };
/* End PBXBuildFile section */

/* Begin PBXFileReference section */
		D797142A1E03869300C8DD76 /* CommandResult.swift */ = {isa = PBXFileReference; fileEncoding = 4; lastKnownFileType = sourcecode.swift; path = CommandResult.swift; sourceTree = "<group>"; };
		D797142C1E03872600C8DD76 /* String+Extensions.swift */ = {isa = PBXFileReference; fileEncoding = 4; lastKnownFileType = sourcecode.swift; path = "String+Extensions.swift"; sourceTree = "<group>"; };
		D797142E1E038EFC00C8DD76 /* Array+Extensions.swift */ = {isa = PBXFileReference; fileEncoding = 4; lastKnownFileType = sourcecode.swift; path = "Array+Extensions.swift"; sourceTree = "<group>"; };
		D7B2BAC71E0224C000601875 /* BatteryBar.app */ = {isa = PBXFileReference; explicitFileType = wrapper.application; includeInIndex = 0; path = BatteryBar.app; sourceTree = BUILT_PRODUCTS_DIR; };
		D7B2BACA1E0224C000601875 /* AppDelegate.swift */ = {isa = PBXFileReference; lastKnownFileType = sourcecode.swift; path = AppDelegate.swift; sourceTree = "<group>"; };
		D7B2BACC1E0224C000601875 /* Assets.xcassets */ = {isa = PBXFileReference; lastKnownFileType = folder.assetcatalog; path = Assets.xcassets; sourceTree = "<group>"; };
		D7B2BACF1E0224C000601875 /* Base */ = {isa = PBXFileReference; lastKnownFileType = file.xib; name = Base; path = Base.lproj/MainMenu.xib; sourceTree = "<group>"; };
		D7B2BAD11E0224C000601875 /* Info.plist */ = {isa = PBXFileReference; lastKnownFileType = text.plist.xml; path = Info.plist; sourceTree = "<group>"; };
/* End PBXFileReference section */

/* Begin PBXFrameworksBuildPhase section */
		D7B2BAC41E0224C000601875 /* Frameworks */ = {
			isa = PBXFrameworksBuildPhase;
			buildActionMask = 2147483647;
			files = (
			);
			runOnlyForDeploymentPostprocessing = 0;
		};
/* End PBXFrameworksBuildPhase section */

/* Begin PBXGroup section */
		D7B2BABE1E0224C000601875 = {
			isa = PBXGroup;
			children = (
				D7B2BAC91E0224C000601875 /* BatteryBar */,
				D7B2BAC81E0224C000601875 /* Products */,
			);
			sourceTree = "<group>";
		};
		D7B2BAC81E0224C000601875 /* Products */ = {
			isa = PBXGroup;
			children = (
				D7B2BAC71E0224C000601875 /* BatteryBar.app */,
			);
			name = Products;
			sourceTree = "<group>";
		};
		D7B2BAC91E0224C000601875 /* BatteryBar */ = {
			isa = PBXGroup;
			children = (
				D7B2BACA1E0224C000601875 /* AppDelegate.swift */,
				D797142A1E03869300C8DD76 /* CommandResult.swift */,
				D797142C1E03872600C8DD76 /* String+Extensions.swift */,
				D797142E1E038EFC00C8DD76 /* Array+Extensions.swift */,
				D7B2BACC1E0224C000601875 /* Assets.xcassets */,
				D7B2BACE1E0224C000601875 /* MainMenu.xib */,
				D7B2BAD11E0224C000601875 /* Info.plist */,
			);
			path = BatteryBar;
			sourceTree = "<group>";
		};
/* End PBXGroup section */

/* Begin PBXNativeTarget section */
		D7B2BAC61E0224C000601875 /* BatteryBar */ = {
			isa = PBXNativeTarget;
			buildConfigurationList = D7B2BAD41E0224C000601875 /* Build configuration list for PBXNativeTarget "BatteryBar" */;
			buildPhases = (
				D7B2BAC31E0224C000601875 /* Sources */,
				D7B2BAC41E0224C000601875 /* Frameworks */,
				D7B2BAC51E0224C000601875 /* Resources */,
			);
			buildRules = (
			);
			dependencies = (
			);
			name = BatteryBar;
			productName = BatteryBar;
			productReference = D7B2BAC71E0224C000601875 /* BatteryBar.app */;
			productType = "com.apple.product-type.application";
		};
/* End PBXNativeTarget section */

/* Begin PBXProject section */
		D7B2BABF1E0224C000601875 /* Project object */ = {
			isa = PBXProject;
			attributes = {
				LastSwiftUpdateCheck = 0810;
				LastUpgradeCheck = 0820;
				ORGANIZATIONNAME = adlaos;
				TargetAttributes = {
					D7B2BAC61E0224C000601875 = {
						CreatedOnToolsVersion = 8.1;
						ProvisioningStyle = Automatic;
					};
				};
			};
			buildConfigurationList = D7B2BAC21E0224C000601875 /* Build configuration list for PBXProject "BatteryBar" */;
			compatibilityVersion = "Xcode 3.2";
			developmentRegion = English;
			hasScannedForEncodings = 0;
			knownRegions = (
				en,
				Base,
			);
			mainGroup = D7B2BABE1E0224C000601875;
			productRefGroup = D7B2BAC81E0224C000601875 /* Products */;
			projectDirPath = "";
			projectRoot = "";
			targets = (
				D7B2BAC61E0224C000601875 /* BatteryBar */,
			);
		};
/* End PBXProject section */

/* Begin PBXResourcesBuildPhase section */
		D7B2BAC51E0224C000601875 /* Resources */ = {
			isa = PBXResourcesBuildPhase;
			buildActionMask = 2147483647;
			files = (
				D7B2BACD1E0224C000601875 /* Assets.xcassets in Resources */,
				D7B2BAD01E0224C000601875 /* MainMenu.xib in Resources */,
			);
			runOnlyForDeploymentPostprocessing = 0;
		};
/* End PBXResourcesBuildPhase section */

/* Begin PBXSourcesBuildPhase section */
		D7B2BAC31E0224C000601875 /* Sources */ = {
			isa = PBXSourcesBuildPhase;
			buildActionMask = 2147483647;
			files = (
				D797142B1E03869300C8DD76 /* CommandResult.swift in Sources */,
				D797142D1E03872600C8DD76 /* String+Extensions.swift in Sources */,
				D7B2BACB1E0224C000601875 /* AppDelegate.swift in Sources */,
				D797142F1E038EFC00C8DD76 /* Array+Extensions.swift in Sources */,
			);
			runOnlyForDeploymentPostprocessing = 0;
		};
/* End PBXSourcesBuildPhase section */

/* Begin PBXVariantGroup section */
		D7B2BACE1E0224C000601875 /* MainMenu.xib */ = {
			isa = PBXVariantGroup;
			children = (
				D7B2BACF1E0224C000601875 /* Base */,
			);
			name = MainMenu.xib;
			sourceTree = "<group>";
		};
/* End PBXVariantGroup section */

/* Begin XCBuildConfiguration section */
		D7B2BAD21E0224C000601875 /* Debug */ = {
			isa = XCBuildConfiguration;
			buildSettings = {
				ALWAYS_SEARCH_USER_PATHS = NO;
				CLANG_ANALYZER_NONNULL = YES;
				CLANG_CXX_LANGUAGE_STANDARD = "gnu++0x";
				CLANG_CXX_LIBRARY = "libc++";
				CLANG_ENABLE_MODULES = YES;
				CLANG_ENABLE_OBJC_ARC = YES;
				CLANG_WARN_BOOL_CONVERSION = YES;
				CLANG_WARN_CONSTANT_CONVERSION = YES;
				CLANG_WARN_DIRECT_OBJC_ISA_USAGE = YES_ERROR;
				CLANG_WARN_DOCUMENTATION_COMMENTS = YES;
				CLANG_WARN_EMPTY_BODY = YES;
				CLANG_WARN_ENUM_CONVERSION = YES;
				CLANG_WARN_INFINITE_RECURSION = YES;
				CLANG_WARN_INT_CONVERSION = YES;
				CLANG_WARN_OBJC_ROOT_CLASS = YES_ERROR;
				CLANG_WARN_SUSPICIOUS_MOVE = YES;
				CLANG_WARN_SUSPICIOUS_MOVES = YES;
				CLANG_WARN_UNREACHABLE_CODE = YES;
				CLANG_WARN__DUPLICATE_METHOD_MATCH = YES;
				CODE_SIGN_IDENTITY = "-";
				COPY_PHASE_STRIP = NO;
				DEBUG_INFORMATION_FORMAT = dwarf;
				ENABLE_STRICT_OBJC_MSGSEND = YES;
				ENABLE_TESTABILITY = YES;
				GCC_C_LANGUAGE_STANDARD = gnu99;
				GCC_DYNAMIC_NO_PIC = NO;
				GCC_NO_COMMON_BLOCKS = YES;
				GCC_OPTIMIZATION_LEVEL = 0;
				GCC_PREPROCESSOR_DEFINITIONS = (
					"DEBUG=1",
					"$(inherited)",
				);
				GCC_WARN_64_TO_32_BIT_CONVERSION = YES;
				GCC_WARN_ABOUT_RETURN_TYPE = YES_ERROR;
				GCC_WARN_UNDECLARED_SELECTOR = YES;
				GCC_WARN_UNINITIALIZED_AUTOS = YES_AGGRESSIVE;
				GCC_WARN_UNUSED_FUNCTION = YES;
				GCC_WARN_UNUSED_VARIABLE = YES;
				MACOSX_DEPLOYMENT_TARGET = 10.12;
				MTL_ENABLE_DEBUG_INFO = YES;
				ONLY_ACTIVE_ARCH = YES;
				SDKROOT = macosx;
				SWIFT_ACTIVE_COMPILATION_CONDITIONS = DEBUG;
				SWIFT_OPTIMIZATION_LEVEL = "-Onone";
			};
			name = Debug;
		};
		D7B2BAD31E0224C000601875 /* Release */ = {
			isa = XCBuildConfiguration;
			buildSettings = {
				ALWAYS_SEARCH_USER_PATHS = NO;
				CLANG_ANALYZER_NONNULL = YES;
				CLANG_CXX_LANGUAGE_STANDARD = "gnu++0x";
				CLANG_CXX_LIBRARY = "libc++";
				CLANG_ENABLE_MODULES = YES;
				CLANG_ENABLE_OBJC_ARC = YES;
				CLANG_WARN_BOOL_CONVERSION = YES;
				CLANG_WARN_CONSTANT_CONVERSION = YES;
				CLANG_WARN_DIRECT_OBJC_ISA_USAGE = YES_ERROR;
				CLANG_WARN_DOCUMENTATION_COMMENTS = YES;
				CLANG_WARN_EMPTY_BODY = YES;
				CLANG_WARN_ENUM_CONVERSION = YES;
				CLANG_WARN_INFINITE_RECURSION = YES;
				CLANG_WARN_INT_CONVERSION = YES;
				CLANG_WARN_OBJC_ROOT_CLASS = YES_ERROR;
				CLANG_WARN_SUSPICIOUS_MOVE = YES;
				CLANG_WARN_SUSPICIOUS_MOVES = YES;
				CLANG_WARN_UNREACHABLE_CODE = YES;
				CLANG_WARN__DUPLICATE_METHOD_MATCH = YES;
				CODE_SIGN_IDENTITY = "-";
				COPY_PHASE_STRIP = NO;
				DEBUG_INFORMATION_FORMAT = "dwarf-with-dsym";
				ENABLE_NS_ASSERTIONS = NO;
				ENABLE_STRICT_OBJC_MSGSEND = YES;
				GCC_C_LANGUAGE_STANDARD = gnu99;
				GCC_NO_COMMON_BLOCKS = YES;
				GCC_WARN_64_TO_32_BIT_CONVERSION = YES;
				GCC_WARN_ABOUT_RETURN_TYPE = YES_ERROR;
				GCC_WARN_UNDECLARED_SELECTOR = YES;
				GCC_WARN_UNINITIALIZED_AUTOS = YES_AGGRESSIVE;
				GCC_WARN_UNUSED_FUNCTION = YES;
				GCC_WARN_UNUSED_VARIABLE = YES;
				MACOSX_DEPLOYMENT_TARGET = 10.12;
				MTL_ENABLE_DEBUG_INFO = NO;
				SDKROOT = macosx;
				SWIFT_OPTIMIZATION_LEVEL = "-Owholemodule";
			};
			name = Release;
		};
		D7B2BAD51E0224C000601875 /* Debug */ = {
			isa = XCBuildConfiguration;
			buildSettings = {
				ASSETCATALOG_COMPILER_APPICON_NAME = AppIcon;
				COMBINE_HIDPI_IMAGES = YES;
				INFOPLIST_FILE = BatteryBar/Info.plist;
				LD_RUNPATH_SEARCH_PATHS = "$(inherited) @executable_path/../Frameworks";
				PRODUCT_BUNDLE_IDENTIFIER = ad.laos.BatteryBar;
				PRODUCT_NAME = "$(TARGET_NAME)";
				SWIFT_VERSION = 3.0;
			};
			name = Debug;
		};
		D7B2BAD61E0224C000601875 /* Release */ = {
			isa = XCBuildConfiguration;
			buildSettings = {
				ASSETCATALOG_COMPILER_APPICON_NAME = AppIcon;
				COMBINE_HIDPI_IMAGES = YES;
				INFOPLIST_FILE = BatteryBar/Info.plist;
				LD_RUNPATH_SEARCH_PATHS = "$(inherited) @executable_path/../Frameworks";
				PRODUCT_BUNDLE_IDENTIFIER = ad.laos.BatteryBar;
				PRODUCT_NAME = "$(TARGET_NAME)";
				SWIFT_VERSION = 3.0;
			};
			name = Release;
		};
/* End XCBuildConfiguration section */

/* Begin XCConfigurationList section */
		D7B2BAC21E0224C000601875 /* Build configuration list for PBXProject "BatteryBar" */ = {
			isa = XCConfigurationList;
			buildConfigurations = (
				D7B2BAD21E0224C000601875 /* Debug */,
				D7B2BAD31E0224C000601875 /* Release */,
			);
			defaultConfigurationIsVisible = 0;
			defaultConfigurationName = Release;
		};
		D7B2BAD41E0224C000601875 /* Build configuration list for PBXNativeTarget "BatteryBar" */ = {
			isa = XCConfigurationList;
			buildConfigurations = (
				D7B2BAD51E0224C000601875 /* Debug */,
				D7B2BAD61E0224C000601875 /* Release */,
			);
			defaultConfigurationIsVisible = 0;
			defaultConfigurationName = Release;
		};
/* End XCConfigurationList section */
	};
	rootObject = D7B2BABF1E0224C000601875 /* Project object */;
}
